// !$*UTF8*$!
{
	archiveVersion = 1;
	classes = {
	};
	objectVersion = 56;
	objects = {

/* Begin PBXBuildFile section */
		BA3CB53F29A0D76B007C5E1A /* ImageGridViewModel.swift in Sources */ = {isa = PBXBuildFile; fileRef = BA3CB53E29A0D76B007C5E1A /* ImageGridViewModel.swift */; };
		BA81896129A0F5540097D30D /* ImageDetailView.swift in Sources */ = {isa = PBXBuildFile; fileRef = BA81896029A0F5540097D30D /* ImageDetailView.swift */; };
		BAB537D6299E3F24002C2591 /* UploadImageWithCoreDataApp.swift in Sources */ = {isa = PBXBuildFile; fileRef = BAB537D5299E3F24002C2591 /* UploadImageWithCoreDataApp.swift */; };
		BAB537D8299E3F24002C2591 /* ContentView.swift in Sources */ = {isa = PBXBuildFile; fileRef = BAB537D7299E3F24002C2591 /* ContentView.swift */; };
		BAB537DA299E3F25002C2591 /* Assets.xcassets in Resources */ = {isa = PBXBuildFile; fileRef = BAB537D9299E3F25002C2591 /* Assets.xcassets */; };
		BAB537DD299E3F25002C2591 /* Preview Assets.xcassets in Resources */ = {isa = PBXBuildFile; fileRef = BAB537DC299E3F25002C2591 /* Preview Assets.xcassets */; };
		BADBD918299E42E6003D8C86 /* ImageDataModel.xcdatamodeld in Sources */ = {isa = PBXBuildFile; fileRef = BADBD916299E42E6003D8C86 /* ImageDataModel.xcdatamodeld */; };
		BADBD91A299E4377003D8C86 /* ImageDataModel.swift in Sources */ = {isa = PBXBuildFile; fileRef = BADBD919299E4377003D8C86 /* ImageDataModel.swift */; };
		BADBD91C299E4425003D8C86 /* readme.md in Resources */ = {isa = PBXBuildFile; fileRef = BADBD91B299E4425003D8C86 /* readme.md */; };
		BADBD91E299E4879003D8C86 /* CoreDataManager.swift in Sources */ = {isa = PBXBuildFile; fileRef = BADBD91D299E4879003D8C86 /* CoreDataManager.swift */; };
		BADBD920299E4C32003D8C86 /* UIImageTransformer.swift in Sources */ = {isa = PBXBuildFile; fileRef = BADBD91F299E4C32003D8C86 /* UIImageTransformer.swift */; };
/* End PBXBuildFile section */

/* Begin PBXFileReference section */
		BA3CB53C29A0B354007C5E1A /* ImageDataModel 2.xcdatamodel */ = {isa = PBXFileReference; lastKnownFileType = wrapper.xcdatamodel; path = "ImageDataModel 2.xcdatamodel"; sourceTree = "<group>"; };
		BA3CB53E29A0D76B007C5E1A /* ImageGridViewModel.swift */ = {isa = PBXFileReference; lastKnownFileType = sourcecode.swift; path = ImageGridViewModel.swift; sourceTree = "<group>"; };
		BA81895F29A0DCF10097D30D /* Info.plist */ = {isa = PBXFileReference; lastKnownFileType = text.plist; path = Info.plist; sourceTree = "<group>"; };
		BA81896029A0F5540097D30D /* ImageDetailView.swift */ = {isa = PBXFileReference; lastKnownFileType = sourcecode.swift; path = ImageDetailView.swift; sourceTree = "<group>"; };
		BAB537D2299E3F24002C2591 /* UploadImageWithCoreData.app */ = {isa = PBXFileReference; explicitFileType = wrapper.application; includeInIndex = 0; path = UploadImageWithCoreData.app; sourceTree = BUILT_PRODUCTS_DIR; };
		BAB537D5299E3F24002C2591 /* UploadImageWithCoreDataApp.swift */ = {isa = PBXFileReference; lastKnownFileType = sourcecode.swift; path = UploadImageWithCoreDataApp.swift; sourceTree = "<group>"; };
		BAB537D7299E3F24002C2591 /* ContentView.swift */ = {isa = PBXFileReference; lastKnownFileType = sourcecode.swift; path = ContentView.swift; sourceTree = "<group>"; };
		BAB537D9299E3F25002C2591 /* Assets.xcassets */ = {isa = PBXFileReference; lastKnownFileType = folder.assetcatalog; path = Assets.xcassets; sourceTree = "<group>"; };
		BAB537DC299E3F25002C2591 /* Preview Assets.xcassets */ = {isa = PBXFileReference; lastKnownFileType = folder.assetcatalog; path = "Preview Assets.xcassets"; sourceTree = "<group>"; };
		BADBD917299E42E6003D8C86 /* ImageDataModel.xcdatamodel */ = {isa = PBXFileReference; lastKnownFileType = wrapper.xcdatamodel; path = ImageDataModel.xcdatamodel; sourceTree = "<group>"; };
		BADBD919299E4377003D8C86 /* ImageDataModel.swift */ = {isa = PBXFileReference; lastKnownFileType = sourcecode.swift; path = ImageDataModel.swift; sourceTree = "<group>"; };
		BADBD91B299E4425003D8C86 /* readme.md */ = {isa = PBXFileReference; lastKnownFileType = net.daringfireball.markdown; path = readme.md; sourceTree = "<group>"; };
		BADBD91D299E4879003D8C86 /* CoreDataManager.swift */ = {isa = PBXFileReference; lastKnownFileType = sourcecode.swift; path = CoreDataManager.swift; sourceTree = "<group>"; };
		BADBD91F299E4C32003D8C86 /* UIImageTransformer.swift */ = {isa = PBXFileReference; lastKnownFileType = sourcecode.swift; path = UIImageTransformer.swift; sourceTree = "<group>"; };
/* End PBXFileReference section */

/* Begin PBXFrameworksBuildPhase section */
		BAB537CF299E3F24002C2591 /* Frameworks */ = {
			isa = PBXFrameworksBuildPhase;
			buildActionMask = 2147483647;
			files = (
			);
			runOnlyForDeploymentPostprocessing = 0;
		};
/* End PBXFrameworksBuildPhase section */

/* Begin PBXGroup section */
		BA3CB53D29A0D749007C5E1A /* ViewModels */ = {
			isa = PBXGroup;
			children = (
				BA3CB53E29A0D76B007C5E1A /* ImageGridViewModel.swift */,
			);
			path = ViewModels;
			sourceTree = "<group>";
		};
		BAB537C9299E3F24002C2591 = {
			isa = PBXGroup;
			children = (
				BAB537D4299E3F24002C2591 /* UploadImageWithCoreData */,
				BAB537D3299E3F24002C2591 /* Products */,
			);
			sourceTree = "<group>";
		};
		BAB537D3299E3F24002C2591 /* Products */ = {
			isa = PBXGroup;
			children = (
				BAB537D2299E3F24002C2591 /* UploadImageWithCoreData.app */,
			);
			name = Products;
			sourceTree = "<group>";
		};
		BAB537D4299E3F24002C2591 /* UploadImageWithCoreData */ = {
			isa = PBXGroup;
			children = (
				BA81895F29A0DCF10097D30D /* Info.plist */,
				BA3CB53D29A0D749007C5E1A /* ViewModels */,
				BAB537E5299E4289002C2591 /* CoreData */,
				BAB537E3299E426E002C2591 /* Views */,
				BAB537D5299E3F24002C2591 /* UploadImageWithCoreDataApp.swift */,
				BAB537D9299E3F25002C2591 /* Assets.xcassets */,
				BAB537DB299E3F25002C2591 /* Preview Content */,
				BADBD91B299E4425003D8C86 /* readme.md */,
			);
			path = UploadImageWithCoreData;
			sourceTree = "<group>";
		};
		BAB537DB299E3F25002C2591 /* Preview Content */ = {
			isa = PBXGroup;
			children = (
				BAB537DC299E3F25002C2591 /* Preview Assets.xcassets */,
			);
			path = "Preview Content";
			sourceTree = "<group>";
		};
		BAB537E3299E426E002C2591 /* Views */ = {
			isa = PBXGroup;
			children = (
				BAB537D7299E3F24002C2591 /* ContentView.swift */,
				BA81896029A0F5540097D30D /* ImageDetailView.swift */,
			);
			path = Views;
			sourceTree = "<group>";
		};
		BAB537E5299E4289002C2591 /* CoreData */ = {
			isa = PBXGroup;
			children = (
				BADBD916299E42E6003D8C86 /* ImageDataModel.xcdatamodeld */,
				BADBD919299E4377003D8C86 /* ImageDataModel.swift */,
				BADBD91D299E4879003D8C86 /* CoreDataManager.swift */,
				BADBD91F299E4C32003D8C86 /* UIImageTransformer.swift */,
			);
			path = CoreData;
			sourceTree = "<group>";
		};
/* End PBXGroup section */

/* Begin PBXNativeTarget section */
		BAB537D1299E3F24002C2591 /* UploadImageWithCoreData */ = {
			isa = PBXNativeTarget;
			buildConfigurationList = BAB537E0299E3F25002C2591 /* Build configuration list for PBXNativeTarget "UploadImageWithCoreData" */;
			buildPhases = (
				BAB537CE299E3F24002C2591 /* Sources */,
				BAB537CF299E3F24002C2591 /* Frameworks */,
				BAB537D0299E3F24002C2591 /* Resources */,
			);
			buildRules = (
			);
			dependencies = (
			);
			name = UploadImageWithCoreData;
			productName = UploadImageWithCoreData;
			productReference = BAB537D2299E3F24002C2591 /* UploadImageWithCoreData.app */;
			productType = "com.apple.product-type.application";
		};
/* End PBXNativeTarget section */

/* Begin PBXProject section */
		BAB537CA299E3F24002C2591 /* Project object */ = {
			isa = PBXProject;
			attributes = {
				BuildIndependentTargetsInParallel = 1;
				LastSwiftUpdateCheck = 1420;
				LastUpgradeCheck = 1420;
				TargetAttributes = {
					BAB537D1299E3F24002C2591 = {
						CreatedOnToolsVersion = 14.2;
					};
				};
			};
			buildConfigurationList = BAB537CD299E3F24002C2591 /* Build configuration list for PBXProject "UploadImageWithCoreData" */;
			compatibilityVersion = "Xcode 14.0";
			developmentRegion = en;
			hasScannedForEncodings = 0;
			knownRegions = (
				en,
				Base,
			);
			mainGroup = BAB537C9299E3F24002C2591;
			productRefGroup = BAB537D3299E3F24002C2591 /* Products */;
			projectDirPath = "";
			projectRoot = "";
			targets = (
				BAB537D1299E3F24002C2591 /* UploadImageWithCoreData */,
			);
		};
/* End PBXProject section */

/* Begin PBXResourcesBuildPhase section */
		BAB537D0299E3F24002C2591 /* Resources */ = {
			isa = PBXResourcesBuildPhase;
			buildActionMask = 2147483647;
			files = (
				BAB537DD299E3F25002C2591 /* Preview Assets.xcassets in Resources */,
				BADBD91C299E4425003D8C86 /* readme.md in Resources */,
				BAB537DA299E3F25002C2591 /* Assets.xcassets in Resources */,
			);
			runOnlyForDeploymentPostprocessing = 0;
		};
/* End PBXResourcesBuildPhase section */

/* Begin PBXSourcesBuildPhase section */
		BAB537CE299E3F24002C2591 /* Sources */ = {
			isa = PBXSourcesBuildPhase;
			buildActionMask = 2147483647;
			files = (
				BADBD918299E42E6003D8C86 /* ImageDataModel.xcdatamodeld in Sources */,
				BA81896129A0F5540097D30D /* ImageDetailView.swift in Sources */,
				BADBD91A299E4377003D8C86 /* ImageDataModel.swift in Sources */,
				BAB537D8299E3F24002C2591 /* ContentView.swift in Sources */,
				BADBD91E299E4879003D8C86 /* CoreDataManager.swift in Sources */,
				BAB537D6299E3F24002C2591 /* UploadImageWithCoreDataApp.swift in Sources */,
				BADBD920299E4C32003D8C86 /* UIImageTransformer.swift in Sources */,
				BA3CB53F29A0D76B007C5E1A /* ImageGridViewModel.swift in Sources */,
			);
			runOnlyForDeploymentPostprocessing = 0;
		};
/* End PBXSourcesBuildPhase section */

/* Begin XCBuildConfiguration section */
		BAB537DE299E3F25002C2591 /* Debug */ = {
			isa = XCBuildConfiguration;
			buildSettings = {
				ALWAYS_SEARCH_USER_PATHS = NO;
				CLANG_ANALYZER_NONNULL = YES;
				CLANG_ANALYZER_NUMBER_OBJECT_CONVERSION = YES_AGGRESSIVE;
				CLANG_CXX_LANGUAGE_STANDARD = "gnu++20";
				CLANG_ENABLE_MODULES = YES;
				CLANG_ENABLE_OBJC_ARC = YES;
				CLANG_ENABLE_OBJC_WEAK = YES;
				CLANG_WARN_BLOCK_CAPTURE_AUTORELEASING = YES;
				CLANG_WARN_BOOL_CONVERSION = YES;
				CLANG_WARN_COMMA = YES;
				CLANG_WARN_CONSTANT_CONVERSION = YES;
				CLANG_WARN_DEPRECATED_OBJC_IMPLEMENTATIONS = YES;
				CLANG_WARN_DIRECT_OBJC_ISA_USAGE = YES_ERROR;
				CLANG_WARN_DOCUMENTATION_COMMENTS = YES;
				CLANG_WARN_EMPTY_BODY = YES;
				CLANG_WARN_ENUM_CONVERSION = YES;
				CLANG_WARN_INFINITE_RECURSION = YES;
				CLANG_WARN_INT_CONVERSION = YES;
				CLANG_WARN_NON_LITERAL_NULL_CONVERSION = YES;
				CLANG_WARN_OBJC_IMPLICIT_RETAIN_SELF = YES;
				CLANG_WARN_OBJC_LITERAL_CONVERSION = YES;
				CLANG_WARN_OBJC_ROOT_CLASS = YES_ERROR;
				CLANG_WARN_QUOTED_INCLUDE_IN_FRAMEWORK_HEADER = YES;
				CLANG_WARN_RANGE_LOOP_ANALYSIS = YES;
				CLANG_WARN_STRICT_PROTOTYPES = YES;
				CLANG_WARN_SUSPICIOUS_MOVE = YES;
				CLANG_WARN_UNGUARDED_AVAILABILITY = YES_AGGRESSIVE;
				CLANG_WARN_UNREACHABLE_CODE = YES;
				CLANG_WARN__DUPLICATE_METHOD_MATCH = YES;
				COPY_PHASE_STRIP = NO;
				DEBUG_INFORMATION_FORMAT = dwarf;
				ENABLE_STRICT_OBJC_MSGSEND = YES;
				ENABLE_TESTABILITY = YES;
				GCC_C_LANGUAGE_STANDARD = gnu11;
				GCC_DYNAMIC_NO_PIC = NO;
				GCC_NO_COMMON_BLOCKS = YES;
				GCC_OPTIMIZATION_LEVEL = 0;
				GCC_PREPROCESSOR_DEFINITIONS = (
					"DEBUG=1",
					"$(inherited)",
				);
				GCC_WARN_64_TO_32_BIT_CONVERSION = YES;
				GCC_WARN_ABOUT_RETURN_TYPE = YES_ERROR;
				GCC_WARN_UNDECLARED_SELECTOR = YES;
				GCC_WARN_UNINITIALIZED_AUTOS = YES_AGGRESSIVE;
				GCC_WARN_UNUSED_FUNCTION = YES;
				GCC_WARN_UNUSED_VARIABLE = YES;
				INFOPLIST_KEY_UIApplicationSceneManifest_Generation = NO;
				IPHONEOS_DEPLOYMENT_TARGET = 16.2;
				MTL_ENABLE_DEBUG_INFO = INCLUDE_SOURCE;
				MTL_FAST_MATH = YES;
				ONLY_ACTIVE_ARCH = YES;
				SDKROOT = iphoneos;
				SWIFT_ACTIVE_COMPILATION_CONDITIONS = DEBUG;
				SWIFT_OPTIMIZATION_LEVEL = "-Onone";
			};
			name = Debug;
		};
		BAB537DF299E3F25002C2591 /* Release */ = {
			isa = XCBuildConfiguration;
			buildSettings = {
				ALWAYS_SEARCH_USER_PATHS = NO;
				CLANG_ANALYZER_NONNULL = YES;
				CLANG_ANALYZER_NUMBER_OBJECT_CONVERSION = YES_AGGRESSIVE;
				CLANG_CXX_LANGUAGE_STANDARD = "gnu++20";
				CLANG_ENABLE_MODULES = YES;
				CLANG_ENABLE_OBJC_ARC = YES;
				CLANG_ENABLE_OBJC_WEAK = YES;
				CLANG_WARN_BLOCK_CAPTURE_AUTORELEASING = YES;
				CLANG_WARN_BOOL_CONVERSION = YES;
				CLANG_WARN_COMMA = YES;
				CLANG_WARN_CONSTANT_CONVERSION = YES;
				CLANG_WARN_DEPRECATED_OBJC_IMPLEMENTATIONS = YES;
				CLANG_WARN_DIRECT_OBJC_ISA_USAGE = YES_ERROR;
				CLANG_WARN_DOCUMENTATION_COMMENTS = YES;
				CLANG_WARN_EMPTY_BODY = YES;
				CLANG_WARN_ENUM_CONVERSION = YES;
				CLANG_WARN_INFINITE_RECURSION = YES;
				CLANG_WARN_INT_CONVERSION = YES;
				CLANG_WARN_NON_LITERAL_NULL_CONVERSION = YES;
				CLANG_WARN_OBJC_IMPLICIT_RETAIN_SELF = YES;
				CLANG_WARN_OBJC_LITERAL_CONVERSION = YES;
				CLANG_WARN_OBJC_ROOT_CLASS = YES_ERROR;
				CLANG_WARN_QUOTED_INCLUDE_IN_FRAMEWORK_HEADER = YES;
				CLANG_WARN_RANGE_LOOP_ANALYSIS = YES;
				CLANG_WARN_STRICT_PROTOTYPES = YES;
				CLANG_WARN_SUSPICIOUS_MOVE = YES;
				CLANG_WARN_UNGUARDED_AVAILABILITY = YES_AGGRESSIVE;
				CLANG_WARN_UNREACHABLE_CODE = YES;
				CLANG_WARN__DUPLICATE_METHOD_MATCH = YES;
				COPY_PHASE_STRIP = NO;
				DEBUG_INFORMATION_FORMAT = "dwarf-with-dsym";
				ENABLE_NS_ASSERTIONS = NO;
				ENABLE_STRICT_OBJC_MSGSEND = YES;
				GCC_C_LANGUAGE_STANDARD = gnu11;
				GCC_NO_COMMON_BLOCKS = YES;
				GCC_WARN_64_TO_32_BIT_CONVERSION = YES;
				GCC_WARN_ABOUT_RETURN_TYPE = YES_ERROR;
				GCC_WARN_UNDECLARED_SELECTOR = YES;
				GCC_WARN_UNINITIALIZED_AUTOS = YES_AGGRESSIVE;
				GCC_WARN_UNUSED_FUNCTION = YES;
				GCC_WARN_UNUSED_VARIABLE = YES;
				INFOPLIST_KEY_UIApplicationSceneManifest_Generation = NO;
				IPHONEOS_DEPLOYMENT_TARGET = 16.2;
				MTL_ENABLE_DEBUG_INFO = NO;
				MTL_FAST_MATH = YES;
				SDKROOT = iphoneos;
				SWIFT_COMPILATION_MODE = wholemodule;
				SWIFT_OPTIMIZATION_LEVEL = "-O";
				VALIDATE_PRODUCT = YES;
			};
			name = Release;
		};
		BAB537E1299E3F25002C2591 /* Debug */ = {
			isa = XCBuildConfiguration;
			buildSettings = {
				ASSETCATALOG_COMPILER_APPICON_NAME = AppIcon;
				ASSETCATALOG_COMPILER_GLOBAL_ACCENT_COLOR_NAME = AccentColor;
				CODE_SIGN_STYLE = Automatic;
				CURRENT_PROJECT_VERSION = 1;
				DEVELOPMENT_ASSET_PATHS = "\"UploadImageWithCoreData/Preview Content\"";
				DEVELOPMENT_TEAM = ARSZYU7AJ8;
				ENABLE_PREVIEWS = YES;
				GENERATE_INFOPLIST_FILE = YES;
				INFOPLIST_FILE = UploadImageWithCoreData/Info.plist;
				INFOPLIST_KEY_LSApplicationCategoryType = "";
				INFOPLIST_KEY_NSPhotoLibraryUsageDescription = "사진? \"보여줘\"";
				INFOPLIST_KEY_UIApplicationSupportsIndirectInputEvents = YES;
				INFOPLIST_KEY_UILaunchScreen_Generation = YES;
				INFOPLIST_KEY_UISupportedInterfaceOrientations_iPad = "UIInterfaceOrientationPortrait UIInterfaceOrientationPortraitUpsideDown UIInterfaceOrientationLandscapeLeft UIInterfaceOrientationLandscapeRight";
				INFOPLIST_KEY_UISupportedInterfaceOrientations_iPhone = "UIInterfaceOrientationPortrait UIInterfaceOrientationLandscapeLeft UIInterfaceOrientationLandscapeRight";
				LD_RUNPATH_SEARCH_PATHS = (
					"$(inherited)",
					"@executable_path/Frameworks",
				);
				MARKETING_VERSION = 1.0;
				PRODUCT_BUNDLE_IDENTIFIER = com.peppermint100.UploadImageWithCoreData;
				PRODUCT_NAME = "$(TARGET_NAME)";
				SWIFT_EMIT_LOC_STRINGS = YES;
				SWIFT_VERSION = 5.0;
				TARGETED_DEVICE_FAMILY = "1,2";
			};
			name = Debug;
		};
		BAB537E2299E3F25002C2591 /* Release */ = {
			isa = XCBuildConfiguration;
			buildSettings = {
				ASSETCATALOG_COMPILER_APPICON_NAME = AppIcon;
				ASSETCATALOG_COMPILER_GLOBAL_ACCENT_COLOR_NAME = AccentColor;
				CODE_SIGN_STYLE = Automatic;
				CURRENT_PROJECT_VERSION = 1;
				DEVELOPMENT_ASSET_PATHS = "\"UploadImageWithCoreData/Preview Content\"";
				DEVELOPMENT_TEAM = ARSZYU7AJ8;
				ENABLE_PREVIEWS = YES;
				GENERATE_INFOPLIST_FILE = YES;
				INFOPLIST_FILE = UploadImageWithCoreData/Info.plist;
				INFOPLIST_KEY_LSApplicationCategoryType = "";
				INFOPLIST_KEY_NSPhotoLibraryUsageDescription = "사진? \"보여줘\"";
				INFOPLIST_KEY_UIApplicationSupportsIndirectInputEvents = YES;
				INFOPLIST_KEY_UILaunchScreen_Generation = YES;
				INFOPLIST_KEY_UISupportedInterfaceOrientations_iPad = "UIInterfaceOrientationPortrait UIInterfaceOrientationPortraitUpsideDown UIInterfaceOrientationLandscapeLeft UIInterfaceOrientationLandscapeRight";
				INFOPLIST_KEY_UISupportedInterfaceOrientations_iPhone = "UIInterfaceOrientationPortrait UIInterfaceOrientationLandscapeLeft UIInterfaceOrientationLandscapeRight";
				LD_RUNPATH_SEARCH_PATHS = (
					"$(inherited)",
					"@executable_path/Frameworks",
				);
				MARKETING_VERSION = 1.0;
				PRODUCT_BUNDLE_IDENTIFIER = com.peppermint100.UploadImageWithCoreData;
				PRODUCT_NAME = "$(TARGET_NAME)";
				SWIFT_EMIT_LOC_STRINGS = YES;
				SWIFT_VERSION = 5.0;
				TARGETED_DEVICE_FAMILY = "1,2";
			};
			name = Release;
		};
/* End XCBuildConfiguration section */

/* Begin XCConfigurationList section */
		BAB537CD299E3F24002C2591 /* Build configuration list for PBXProject "UploadImageWithCoreData" */ = {
			isa = XCConfigurationList;
			buildConfigurations = (
				BAB537DE299E3F25002C2591 /* Debug */,
				BAB537DF299E3F25002C2591 /* Release */,
			);
			defaultConfigurationIsVisible = 0;
			defaultConfigurationName = Release;
		};
		BAB537E0299E3F25002C2591 /* Build configuration list for PBXNativeTarget "UploadImageWithCoreData" */ = {
			isa = XCConfigurationList;
			buildConfigurations = (
				BAB537E1299E3F25002C2591 /* Debug */,
				BAB537E2299E3F25002C2591 /* Release */,
			);
			defaultConfigurationIsVisible = 0;
			defaultConfigurationName = Release;
		};
/* End XCConfigurationList section */

/* Begin XCVersionGroup section */
		BADBD916299E42E6003D8C86 /* ImageDataModel.xcdatamodeld */ = {
			isa = XCVersionGroup;
			children = (
				BA3CB53C29A0B354007C5E1A /* ImageDataModel 2.xcdatamodel */,
				BADBD917299E42E6003D8C86 /* ImageDataModel.xcdatamodel */,
			);
			currentVersion = BA3CB53C29A0B354007C5E1A /* ImageDataModel 2.xcdatamodel */;
			path = ImageDataModel.xcdatamodeld;
			sourceTree = "<group>";
			versionGroupType = wrapper.xcdatamodel;
		};
/* End XCVersionGroup section */
	};
	rootObject = BAB537CA299E3F24002C2591 /* Project object */;
}
